// !$*UTF8*$!
{
	archiveVersion = 1;
	classes = {
	};
	objectVersion = 50;
	objects = {

/* Begin PBXBuildFile section */
		18FD65DE265B731800A9C963 /* FruitsApp.swift in Sources */ = {isa = PBXBuildFile; fileRef = 18FD65DD265B731800A9C963 /* FruitsApp.swift */; };
		18FD65E0265B731800A9C963 /* ContentView.swift in Sources */ = {isa = PBXBuildFile; fileRef = 18FD65DF265B731800A9C963 /* ContentView.swift */; };
		18FD65E2265B731A00A9C963 /* Assets.xcassets in Resources */ = {isa = PBXBuildFile; fileRef = 18FD65E1265B731A00A9C963 /* Assets.xcassets */; };
		18FD65E5265B731A00A9C963 /* Preview Assets.xcassets in Resources */ = {isa = PBXBuildFile; fileRef = 18FD65E4265B731A00A9C963 /* Preview Assets.xcassets */; };
		18FD65F0265B731B00A9C963 /* FruitsTests.swift in Sources */ = {isa = PBXBuildFile; fileRef = 18FD65EF265B731B00A9C963 /* FruitsTests.swift */; };
		18FD65FB265B731B00A9C963 /* FruitsUITests.swift in Sources */ = {isa = PBXBuildFile; fileRef = 18FD65FA265B731B00A9C963 /* FruitsUITests.swift */; };
/* End PBXBuildFile section */

/* Begin PBXContainerItemProxy section */
		18FD65EC265B731B00A9C963 /* PBXContainerItemProxy */ = {
			isa = PBXContainerItemProxy;
			containerPortal = 18FD65D2265B731800A9C963 /* Project object */;
			proxyType = 1;
			remoteGlobalIDString = 18FD65D9265B731800A9C963;
			remoteInfo = Fruits;
		};
		18FD65F7265B731B00A9C963 /* PBXContainerItemProxy */ = {
			isa = PBXContainerItemProxy;
			containerPortal = 18FD65D2265B731800A9C963 /* Project object */;
			proxyType = 1;
			remoteGlobalIDString = 18FD65D9265B731800A9C963;
			remoteInfo = Fruits;
		};
/* End PBXContainerItemProxy section */

/* Begin PBXFileReference section */
		18FD65DA265B731800A9C963 /* Fruits.app */ = {isa = PBXFileReference; explicitFileType = wrapper.application; includeInIndex = 0; path = Fruits.app; sourceTree = BUILT_PRODUCTS_DIR; };
		18FD65DD265B731800A9C963 /* FruitsApp.swift */ = {isa = PBXFileReference; lastKnownFileType = sourcecode.swift; path = FruitsApp.swift; sourceTree = "<group>"; };
		18FD65DF265B731800A9C963 /* ContentView.swift */ = {isa = PBXFileReference; lastKnownFileType = sourcecode.swift; path = ContentView.swift; sourceTree = "<group>"; };
		18FD65E1265B731A00A9C963 /* Assets.xcassets */ = {isa = PBXFileReference; lastKnownFileType = folder.assetcatalog; path = Assets.xcassets; sourceTree = "<group>"; };
		18FD65E4265B731A00A9C963 /* Preview Assets.xcassets */ = {isa = PBXFileReference; lastKnownFileType = folder.assetcatalog; path = "Preview Assets.xcassets"; sourceTree = "<group>"; };
		18FD65E6265B731A00A9C963 /* Info.plist */ = {isa = PBXFileReference; lastKnownFileType = text.plist.xml; path = Info.plist; sourceTree = "<group>"; };
		18FD65EB265B731B00A9C963 /* FruitsTests.xctest */ = {isa = PBXFileReference; explicitFileType = wrapper.cfbundle; includeInIndex = 0; path = FruitsTests.xctest; sourceTree = BUILT_PRODUCTS_DIR; };
		18FD65EF265B731B00A9C963 /* FruitsTests.swift */ = {isa = PBXFileReference; lastKnownFileType = sourcecode.swift; path = FruitsTests.swift; sourceTree = "<group>"; };
		18FD65F1265B731B00A9C963 /* Info.plist */ = {isa = PBXFileReference; lastKnownFileType = text.plist.xml; path = Info.plist; sourceTree = "<group>"; };
		18FD65F6265B731B00A9C963 /* FruitsUITests.xctest */ = {isa = PBXFileReference; explicitFileType = wrapper.cfbundle; includeInIndex = 0; path = FruitsUITests.xctest; sourceTree = BUILT_PRODUCTS_DIR; };
		18FD65FA265B731B00A9C963 /* FruitsUITests.swift */ = {isa = PBXFileReference; lastKnownFileType = sourcecode.swift; path = FruitsUITests.swift; sourceTree = "<group>"; };
		18FD65FC265B731B00A9C963 /* Info.plist */ = {isa = PBXFileReference; lastKnownFileType = text.plist.xml; path = Info.plist; sourceTree = "<group>"; };
/* End PBXFileReference section */

/* Begin PBXFrameworksBuildPhase section */
		18FD65D7265B731800A9C963 /* Frameworks */ = {
			isa = PBXFrameworksBuildPhase;
			buildActionMask = 2147483647;
			files = (
			);
			runOnlyForDeploymentPostprocessing = 0;
		};
		18FD65E8265B731B00A9C963 /* Frameworks */ = {
			isa = PBXFrameworksBuildPhase;
			buildActionMask = 2147483647;
			files = (
			);
			runOnlyForDeploymentPostprocessing = 0;
		};
		18FD65F3265B731B00A9C963 /* Frameworks */ = {
			isa = PBXFrameworksBuildPhase;
			buildActionMask = 2147483647;
			files = (
			);
			runOnlyForDeploymentPostprocessing = 0;
		};
/* End PBXFrameworksBuildPhase section */

/* Begin PBXGroup section */
		18FD65D1265B731800A9C963 = {
			isa = PBXGroup;
			children = (
				18FD65DC265B731800A9C963 /* Fruits */,
				18FD65EE265B731B00A9C963 /* FruitsTests */,
				18FD65F9265B731B00A9C963 /* FruitsUITests */,
				18FD65DB265B731800A9C963 /* Products */,
			);
			sourceTree = "<group>";
		};
		18FD65DB265B731800A9C963 /* Products */ = {
			isa = PBXGroup;
			children = (
				18FD65DA265B731800A9C963 /* Fruits.app */,
				18FD65EB265B731B00A9C963 /* FruitsTests.xctest */,
				18FD65F6265B731B00A9C963 /* FruitsUITests.xctest */,
			);
			name = Products;
			sourceTree = "<group>";
		};
		18FD65DC265B731800A9C963 /* Fruits */ = {
			isa = PBXGroup;
			children = (
				18FD65DD265B731800A9C963 /* FruitsApp.swift */,
				18FD65DF265B731800A9C963 /* ContentView.swift */,
				18FD65E1265B731A00A9C963 /* Assets.xcassets */,
				18FD65E6265B731A00A9C963 /* Info.plist */,
				18FD65E3265B731A00A9C963 /* Preview Content */,
			);
			path = Fruits;
			sourceTree = "<group>";
		};
		18FD65E3265B731A00A9C963 /* Preview Content */ = {
			isa = PBXGroup;
			children = (
				18FD65E4265B731A00A9C963 /* Preview Assets.xcassets */,
			);
			path = "Preview Content";
			sourceTree = "<group>";
		};
		18FD65EE265B731B00A9C963 /* FruitsTests */ = {
			isa = PBXGroup;
			children = (
				18FD65EF265B731B00A9C963 /* FruitsTests.swift */,
				18FD65F1265B731B00A9C963 /* Info.plist */,
			);
			path = FruitsTests;
			sourceTree = "<group>";
		};
		18FD65F9265B731B00A9C963 /* FruitsUITests */ = {
			isa = PBXGroup;
			children = (
				18FD65FA265B731B00A9C963 /* FruitsUITests.swift */,
				18FD65FC265B731B00A9C963 /* Info.plist */,
			);
			path = FruitsUITests;
			sourceTree = "<group>";
		};
/* End PBXGroup section */

/* Begin PBXNativeTarget section */
		18FD65D9265B731800A9C963 /* Fruits */ = {
			isa = PBXNativeTarget;
			buildConfigurationList = 18FD65FF265B731B00A9C963 /* Build configuration list for PBXNativeTarget "Fruits" */;
			buildPhases = (
				18FD65D6265B731800A9C963 /* Sources */,
				18FD65D7265B731800A9C963 /* Frameworks */,
				18FD65D8265B731800A9C963 /* Resources */,
			);
			buildRules = (
			);
			dependencies = (
			);
			name = Fruits;
			productName = Fruits;
			productReference = 18FD65DA265B731800A9C963 /* Fruits.app */;
			productType = "com.apple.product-type.application";
		};
		18FD65EA265B731B00A9C963 /* FruitsTests */ = {
			isa = PBXNativeTarget;
			buildConfigurationList = 18FD6602265B731B00A9C963 /* Build configuration list for PBXNativeTarget "FruitsTests" */;
			buildPhases = (
				18FD65E7265B731B00A9C963 /* Sources */,
				18FD65E8265B731B00A9C963 /* Frameworks */,
				18FD65E9265B731B00A9C963 /* Resources */,
			);
			buildRules = (
			);
			dependencies = (
				18FD65ED265B731B00A9C963 /* PBXTargetDependency */,
			);
			name = FruitsTests;
			productName = FruitsTests;
			productReference = 18FD65EB265B731B00A9C963 /* FruitsTests.xctest */;
			productType = "com.apple.product-type.bundle.unit-test";
		};
		18FD65F5265B731B00A9C963 /* FruitsUITests */ = {
			isa = PBXNativeTarget;
			buildConfigurationList = 18FD6605265B731B00A9C963 /* Build configuration list for PBXNativeTarget "FruitsUITests" */;
			buildPhases = (
				18FD65F2265B731B00A9C963 /* Sources */,
				18FD65F3265B731B00A9C963 /* Frameworks */,
				18FD65F4265B731B00A9C963 /* Resources */,
			);
			buildRules = (
			);
			dependencies = (
				18FD65F8265B731B00A9C963 /* PBXTargetDependency */,
			);
			name = FruitsUITests;
			productName = FruitsUITests;
			productReference = 18FD65F6265B731B00A9C963 /* FruitsUITests.xctest */;
			productType = "com.apple.product-type.bundle.ui-testing";
		};
/* End PBXNativeTarget section */

/* Begin PBXProject section */
		18FD65D2265B731800A9C963 /* Project object */ = {
			isa = PBXProject;
			attributes = {
				LastSwiftUpdateCheck = 1250;
				LastUpgradeCheck = 1250;
				TargetAttributes = {
					18FD65D9265B731800A9C963 = {
						CreatedOnToolsVersion = 12.5;
					};
					18FD65EA265B731B00A9C963 = {
						CreatedOnToolsVersion = 12.5;
						TestTargetID = 18FD65D9265B731800A9C963;
					};
					18FD65F5265B731B00A9C963 = {
						CreatedOnToolsVersion = 12.5;
						TestTargetID = 18FD65D9265B731800A9C963;
					};
				};
			};
			buildConfigurationList = 18FD65D5265B731800A9C963 /* Build configuration list for PBXProject "Fruits" */;
			compatibilityVersion = "Xcode 9.3";
			developmentRegion = en;
			hasScannedForEncodings = 0;
			knownRegions = (
				en,
				Base,
			);
			mainGroup = 18FD65D1265B731800A9C963;
			productRefGroup = 18FD65DB265B731800A9C963 /* Products */;
			projectDirPath = "";
			projectRoot = "";
			targets = (
				18FD65D9265B731800A9C963 /* Fruits */,
				18FD65EA265B731B00A9C963 /* FruitsTests */,
				18FD65F5265B731B00A9C963 /* FruitsUITests */,
			);
		};
/* End PBXProject section */

/* Begin PBXResourcesBuildPhase section */
		18FD65D8265B731800A9C963 /* Resources */ = {
			isa = PBXResourcesBuildPhase;
			buildActionMask = 2147483647;
			files = (
				18FD65E5265B731A00A9C963 /* Preview Assets.xcassets in Resources */,
				18FD65E2265B731A00A9C963 /* Assets.xcassets in Resources */,
			);
			runOnlyForDeploymentPostprocessing = 0;
		};
		18FD65E9265B731B00A9C963 /* Resources */ = {
			isa = PBXResourcesBuildPhase;
			buildActionMask = 2147483647;
			files = (
			);
			runOnlyForDeploymentPostprocessing = 0;
		};
		18FD65F4265B731B00A9C963 /* Resources */ = {
			isa = PBXResourcesBuildPhase;
			buildActionMask = 2147483647;
			files = (
			);
			runOnlyForDeploymentPostprocessing = 0;
		};
/* End PBXResourcesBuildPhase section */

/* Begin PBXSourcesBuildPhase section */
		18FD65D6265B731800A9C963 /* Sources */ = {
			isa = PBXSourcesBuildPhase;
			buildActionMask = 2147483647;
			files = (
				18FD65E0265B731800A9C963 /* ContentView.swift in Sources */,
				18FD65DE265B731800A9C963 /* FruitsApp.swift in Sources */,
			);
			runOnlyForDeploymentPostprocessing = 0;
		};
		18FD65E7265B731B00A9C963 /* Sources */ = {
			isa = PBXSourcesBuildPhase;
			buildActionMask = 2147483647;
			files = (
				18FD65F0265B731B00A9C963 /* FruitsTests.swift in Sources */,
			);
			runOnlyForDeploymentPostprocessing = 0;
		};
		18FD65F2265B731B00A9C963 /* Sources */ = {
			isa = PBXSourcesBuildPhase;
			buildActionMask = 2147483647;
			files = (
				18FD65FB265B731B00A9C963 /* FruitsUITests.swift in Sources */,
			);
			runOnlyForDeploymentPostprocessing = 0;
		};
/* End PBXSourcesBuildPhase section */

/* Begin PBXTargetDependency section */
		18FD65ED265B731B00A9C963 /* PBXTargetDependency */ = {
			isa = PBXTargetDependency;
			target = 18FD65D9265B731800A9C963 /* Fruits */;
			targetProxy = 18FD65EC265B731B00A9C963 /* PBXContainerItemProxy */;
		};
		18FD65F8265B731B00A9C963 /* PBXTargetDependency */ = {
			isa = PBXTargetDependency;
			target = 18FD65D9265B731800A9C963 /* Fruits */;
			targetProxy = 18FD65F7265B731B00A9C963 /* PBXContainerItemProxy */;
		};
/* End PBXTargetDependency section */

/* Begin XCBuildConfiguration section */
		18FD65FD265B731B00A9C963 /* Debug */ = {
			isa = XCBuildConfiguration;
			buildSettings = {
				ALWAYS_SEARCH_USER_PATHS = NO;
				CLANG_ANALYZER_NONNULL = YES;
				CLANG_ANALYZER_NUMBER_OBJECT_CONVERSION = YES_AGGRESSIVE;
				CLANG_CXX_LANGUAGE_STANDARD = "gnu++14";
				CLANG_CXX_LIBRARY = "libc++";
				CLANG_ENABLE_MODULES = YES;
				CLANG_ENABLE_OBJC_ARC = YES;
				CLANG_ENABLE_OBJC_WEAK = YES;
				CLANG_WARN_BLOCK_CAPTURE_AUTORELEASING = YES;
				CLANG_WARN_BOOL_CONVERSION = YES;
				CLANG_WARN_COMMA = YES;
				CLANG_WARN_CONSTANT_CONVERSION = YES;
				CLANG_WARN_DEPRECATED_OBJC_IMPLEMENTATIONS = YES;
				CLANG_WARN_DIRECT_OBJC_ISA_USAGE = YES_ERROR;
				CLANG_WARN_DOCUMENTATION_COMMENTS = YES;
				CLANG_WARN_EMPTY_BODY = YES;
				CLANG_WARN_ENUM_CONVERSION = YES;
				CLANG_WARN_INFINITE_RECURSION = YES;
				CLANG_WARN_INT_CONVERSION = YES;
				CLANG_WARN_NON_LITERAL_NULL_CONVERSION = YES;
				CLANG_WARN_OBJC_IMPLICIT_RETAIN_SELF = YES;
				CLANG_WARN_OBJC_LITERAL_CONVERSION = YES;
				CLANG_WARN_OBJC_ROOT_CLASS = YES_ERROR;
				CLANG_WARN_QUOTED_INCLUDE_IN_FRAMEWORK_HEADER = YES;
				CLANG_WARN_RANGE_LOOP_ANALYSIS = YES;
				CLANG_WARN_STRICT_PROTOTYPES = YES;
				CLANG_WARN_SUSPICIOUS_MOVE = YES;
				CLANG_WARN_UNGUARDED_AVAILABILITY = YES_AGGRESSIVE;
				CLANG_WARN_UNREACHABLE_CODE = YES;
				CLANG_WARN__DUPLICATE_METHOD_MATCH = YES;
				COPY_PHASE_STRIP = NO;
				DEBUG_INFORMATION_FORMAT = dwarf;
				ENABLE_STRICT_OBJC_MSGSEND = YES;
				ENABLE_TESTABILITY = YES;
				GCC_C_LANGUAGE_STANDARD = gnu11;
				GCC_DYNAMIC_NO_PIC = NO;
				GCC_NO_COMMON_BLOCKS = YES;
				GCC_OPTIMIZATION_LEVEL = 0;
				GCC_PREPROCESSOR_DEFINITIONS = (
					"DEBUG=1",
					"$(inherited)",
				);
				GCC_WARN_64_TO_32_BIT_CONVERSION = YES;
				GCC_WARN_ABOUT_RETURN_TYPE = YES_ERROR;
				GCC_WARN_UNDECLARED_SELECTOR = YES;
				GCC_WARN_UNINITIALIZED_AUTOS = YES_AGGRESSIVE;
				GCC_WARN_UNUSED_FUNCTION = YES;
				GCC_WARN_UNUSED_VARIABLE = YES;
				IPHONEOS_DEPLOYMENT_TARGET = 14.5;
				MTL_ENABLE_DEBUG_INFO = INCLUDE_SOURCE;
				MTL_FAST_MATH = YES;
				ONLY_ACTIVE_ARCH = YES;
				SDKROOT = iphoneos;
				SWIFT_ACTIVE_COMPILATION_CONDITIONS = DEBUG;
				SWIFT_OPTIMIZATION_LEVEL = "-Onone";
			};
			name = Debug;
		};
		18FD65FE265B731B00A9C963 /* Release */ = {
			isa = XCBuildConfiguration;
			buildSettings = {
				ALWAYS_SEARCH_USER_PATHS = NO;
				CLANG_ANALYZER_NONNULL = YES;
				CLANG_ANALYZER_NUMBER_OBJECT_CONVERSION = YES_AGGRESSIVE;
				CLANG_CXX_LANGUAGE_STANDARD = "gnu++14";
				CLANG_CXX_LIBRARY = "libc++";
				CLANG_ENABLE_MODULES = YES;
				CLANG_ENABLE_OBJC_ARC = YES;
				CLANG_ENABLE_OBJC_WEAK = YES;
				CLANG_WARN_BLOCK_CAPTURE_AUTORELEASING = YES;
				CLANG_WARN_BOOL_CONVERSION = YES;
				CLANG_WARN_COMMA = YES;
				CLANG_WARN_CONSTANT_CONVERSION = YES;
				CLANG_WARN_DEPRECATED_OBJC_IMPLEMENTATIONS = YES;
				CLANG_WARN_DIRECT_OBJC_ISA_USAGE = YES_ERROR;
				CLANG_WARN_DOCUMENTATION_COMMENTS = YES;
				CLANG_WARN_EMPTY_BODY = YES;
				CLANG_WARN_ENUM_CONVERSION = YES;
				CLANG_WARN_INFINITE_RECURSION = YES;
				CLANG_WARN_INT_CONVERSION = YES;
				CLANG_WARN_NON_LITERAL_NULL_CONVERSION = YES;
				CLANG_WARN_OBJC_IMPLICIT_RETAIN_SELF = YES;
				CLANG_WARN_OBJC_LITERAL_CONVERSION = YES;
				CLANG_WARN_OBJC_ROOT_CLASS = YES_ERROR;
				CLANG_WARN_QUOTED_INCLUDE_IN_FRAMEWORK_HEADER = YES;
				CLANG_WARN_RANGE_LOOP_ANALYSIS = YES;
				CLANG_WARN_STRICT_PROTOTYPES = YES;
				CLANG_WARN_SUSPICIOUS_MOVE = YES;
				CLANG_WARN_UNGUARDED_AVAILABILITY = YES_AGGRESSIVE;
				CLANG_WARN_UNREACHABLE_CODE = YES;
				CLANG_WARN__DUPLICATE_METHOD_MATCH = YES;
				COPY_PHASE_STRIP = NO;
				DEBUG_INFORMATION_FORMAT = "dwarf-with-dsym";
				ENABLE_NS_ASSERTIONS = NO;
				ENABLE_STRICT_OBJC_MSGSEND = YES;
				GCC_C_LANGUAGE_STANDARD = gnu11;
				GCC_NO_COMMON_BLOCKS = YES;
				GCC_WARN_64_TO_32_BIT_CONVERSION = YES;
				GCC_WARN_ABOUT_RETURN_TYPE = YES_ERROR;
				GCC_WARN_UNDECLARED_SELECTOR = YES;
				GCC_WARN_UNINITIALIZED_AUTOS = YES_AGGRESSIVE;
				GCC_WARN_UNUSED_FUNCTION = YES;
				GCC_WARN_UNUSED_VARIABLE = YES;
				IPHONEOS_DEPLOYMENT_TARGET = 14.5;
				MTL_ENABLE_DEBUG_INFO = NO;
				MTL_FAST_MATH = YES;
				SDKROOT = iphoneos;
				SWIFT_COMPILATION_MODE = wholemodule;
				SWIFT_OPTIMIZATION_LEVEL = "-O";
				VALIDATE_PRODUCT = YES;
			};
			name = Release;
		};
		18FD6600265B731B00A9C963 /* Debug */ = {
			isa = XCBuildConfiguration;
			buildSettings = {
				ASSETCATALOG_COMPILER_APPICON_NAME = AppIcon;
				ASSETCATALOG_COMPILER_GLOBAL_ACCENT_COLOR_NAME = AccentColor;
				CODE_SIGN_STYLE = Automatic;
				DEVELOPMENT_ASSET_PATHS = "\"Fruits/Preview Content\"";
				ENABLE_PREVIEWS = YES;
				INFOPLIST_FILE = Fruits/Info.plist;
				IPHONEOS_DEPLOYMENT_TARGET = 14.0;
				LD_RUNPATH_SEARCH_PATHS = (
					"$(inherited)",
					"@executable_path/Frameworks",
				);
				PRODUCT_BUNDLE_IDENTIFIER = com.farruhnet.Fruits;
				PRODUCT_NAME = "$(TARGET_NAME)";
				SWIFT_VERSION = 5.0;
				TARGETED_DEVICE_FAMILY = "1,2";
			};
			name = Debug;
		};
		18FD6601265B731B00A9C963 /* Release */ = {
			isa = XCBuildConfiguration;
			buildSettings = {
				ASSETCATALOG_COMPILER_APPICON_NAME = AppIcon;
				ASSETCATALOG_COMPILER_GLOBAL_ACCENT_COLOR_NAME = AccentColor;
				CODE_SIGN_STYLE = Automatic;
				DEVELOPMENT_ASSET_PATHS = "\"Fruits/Preview Content\"";
				ENABLE_PREVIEWS = YES;
				INFOPLIST_FILE = Fruits/Info.plist;
				IPHONEOS_DEPLOYMENT_TARGET = 14.0;
				LD_RUNPATH_SEARCH_PATHS = (
					"$(inherited)",
					"@executable_path/Frameworks",
				);
				PRODUCT_BUNDLE_IDENTIFIER = com.farruhnet.Fruits;
				PRODUCT_NAME = "$(TARGET_NAME)";
				SWIFT_VERSION = 5.0;
				TARGETED_DEVICE_FAMILY = "1,2";
			};
			name = Release;
		};
		18FD6603265B731B00A9C963 /* Debug */ = {
			isa = XCBuildConfiguration;
			buildSettings = {
				ALWAYS_EMBED_SWIFT_STANDARD_LIBRARIES = YES;
				BUNDLE_LOADER = "$(TEST_HOST)";
				CODE_SIGN_STYLE = Automatic;
				INFOPLIST_FILE = FruitsTests/Info.plist;
				IPHONEOS_DEPLOYMENT_TARGET = 14.0;
				LD_RUNPATH_SEARCH_PATHS = (
					"$(inherited)",
					"@executable_path/Frameworks",
					"@loader_path/Frameworks",
				);
				PRODUCT_BUNDLE_IDENTIFIER = com.farruhnet.FruitsTests;
				PRODUCT_NAME = "$(TARGET_NAME)";
				SWIFT_VERSION = 5.0;
				TARGETED_DEVICE_FAMILY = "1,2";
				TEST_HOST = "$(BUILT_PRODUCTS_DIR)/Fruits.app/Fruits";
			};
			name = Debug;
		};
		18FD6604265B731B00A9C963 /* Release */ = {
			isa = XCBuildConfiguration;
			buildSettings = {
				ALWAYS_EMBED_SWIFT_STANDARD_LIBRARIES = YES;
				BUNDLE_LOADER = "$(TEST_HOST)";
				CODE_SIGN_STYLE = Automatic;
				INFOPLIST_FILE = FruitsTests/Info.plist;
				IPHONEOS_DEPLOYMENT_TARGET = 14.0;
				LD_RUNPATH_SEARCH_PATHS = (
					"$(inherited)",
					"@executable_path/Frameworks",
					"@loader_path/Frameworks",
				);
				PRODUCT_BUNDLE_IDENTIFIER = com.farruhnet.FruitsTests;
				PRODUCT_NAME = "$(TARGET_NAME)";
				SWIFT_VERSION = 5.0;
				TARGETED_DEVICE_FAMILY = "1,2";
				TEST_HOST = "$(BUILT_PRODUCTS_DIR)/Fruits.app/Fruits";
			};
			name = Release;
		};
		18FD6606265B731B00A9C963 /* Debug */ = {
			isa = XCBuildConfiguration;
			buildSettings = {
				ALWAYS_EMBED_SWIFT_STANDARD_LIBRARIES = YES;
				CODE_SIGN_STYLE = Automatic;
				INFOPLIST_FILE = FruitsUITests/Info.plist;
				LD_RUNPATH_SEARCH_PATHS = (
					"$(inherited)",
					"@executable_path/Frameworks",
					"@loader_path/Frameworks",
				);
				PRODUCT_BUNDLE_IDENTIFIER = com.farruhnet.FruitsUITests;
				PRODUCT_NAME = "$(TARGET_NAME)";
				SWIFT_VERSION = 5.0;
				TARGETED_DEVICE_FAMILY = "1,2";
				TEST_TARGET_NAME = Fruits;
			};
			name = Debug;
		};
		18FD6607265B731B00A9C963 /* Release */ = {
			isa = XCBuildConfiguration;
			buildSettings = {
				ALWAYS_EMBED_SWIFT_STANDARD_LIBRARIES = YES;
				CODE_SIGN_STYLE = Automatic;
				INFOPLIST_FILE = FruitsUITests/Info.plist;
				LD_RUNPATH_SEARCH_PATHS = (
					"$(inherited)",
					"@executable_path/Frameworks",
					"@loader_path/Frameworks",
				);
				PRODUCT_BUNDLE_IDENTIFIER = com.farruhnet.FruitsUITests;
				PRODUCT_NAME = "$(TARGET_NAME)";
				SWIFT_VERSION = 5.0;
				TARGETED_DEVICE_FAMILY = "1,2";
				TEST_TARGET_NAME = Fruits;
			};
			name = Release;
		};
/* End XCBuildConfiguration section */

/* Begin XCConfigurationList section */
		18FD65D5265B731800A9C963 /* Build configuration list for PBXProject "Fruits" */ = {
			isa = XCConfigurationList;
			buildConfigurations = (
				18FD65FD265B731B00A9C963 /* Debug */,
				18FD65FE265B731B00A9C963 /* Release */,
			);
			defaultConfigurationIsVisible = 0;
			defaultConfigurationName = Release;
		};
		18FD65FF265B731B00A9C963 /* Build configuration list for PBXNativeTarget "Fruits" */ = {
			isa = XCConfigurationList;
			buildConfigurations = (
				18FD6600265B731B00A9C963 /* Debug */,
				18FD6601265B731B00A9C963 /* Release */,
			);
			defaultConfigurationIsVisible = 0;
			defaultConfigurationName = Release;
		};
		18FD6602265B731B00A9C963 /* Build configuration list for PBXNativeTarget "FruitsTests" */ = {
			isa = XCConfigurationList;
			buildConfigurations = (
				18FD6603265B731B00A9C963 /* Debug */,
				18FD6604265B731B00A9C963 /* Release */,
			);
			defaultConfigurationIsVisible = 0;
			defaultConfigurationName = Release;
		};
		18FD6605265B731B00A9C963 /* Build configuration list for PBXNativeTarget "FruitsUITests" */ = {
			isa = XCConfigurationList;
			buildConfigurations = (
				18FD6606265B731B00A9C963 /* Debug */,
				18FD6607265B731B00A9C963 /* Release */,
			);
			defaultConfigurationIsVisible = 0;
			defaultConfigurationName = Release;
		};
/* End XCConfigurationList section */
	};
	rootObject = 18FD65D2265B731800A9C963 /* Project object */;
}
